
Microsoft Visual Studio Solution File, Format Version 12.00
# Visual Studio Version 16
VisualStudioVersion = 16.0.30804.86
MinimumVisualStudioVersion = 10.0.40219.1
Project("{9A19103F-16F7-4668-BE54-9A1E7A4F7556}") = "Environment-Credential-Test", "Environment-Credential-Test.csproj", "{12A0E7F6-B09C-4154-A346-3AE71893F4F5}"
EndProject
Global
	GlobalSection(SolutionConfigurationPlatforms) = preSolution
		Debug|Any CPU = Debug|Any CPU
		Release|Any CPU = Release|Any CPU
		Staging|Any CPU = Staging|Any CPU
	EndGlobalSection
	GlobalSection(ProjectConfigurationPlatforms) = postSolution
		{12A0E7F6-B09C-4154-A346-3AE71893F4F5}.Debug|Any CPU.ActiveCfg = Debug|Any CPU
		{12A0E7F6-B09C-4154-A346-3AE71893F4F5}.Debug|Any CPU.Build.0 = Debug|Any CPU
		{12A0E7F6-B09C-4154-A346-3AE71893F4F5}.Release|Any CPU.ActiveCfg = Release|Any CPU
		{12A0E7F6-B09C-4154-A346-3AE71893F4F5}.Release|Any CPU.Build.0 = Release|Any CPU
		{12A0E7F6-B09C-4154-A346-3AE71893F4F5}.Staging|Any CPU.ActiveCfg = Staging|Any CPU
		{12A0E7F6-B09C-4154-A346-3AE71893F4F5}.Staging|Any CPU.Build.0 = Staging|Any CPU
	EndGlobalSection
	GlobalSection(SolutionProperties) = preSolution
		HideSolutionNode = FALSE
	EndGlobalSection
	GlobalSection(ExtensibilityGlobals) = postSolution
		SolutionGuid = {4DE1B603-7412-4D55-8D72-68D31EB52BDB}
	EndGlobalSection
EndGlobal
